// !$*UTF8*$!
{
	archiveVersion = 1;
	classes = {
	};
	objectVersion = 56;
	objects = {

/* Begin PBXBuildFile section */
		930094A12AF05086000BDD47 /* WelcomeViewController.swift in Sources */ = {isa = PBXBuildFile; fileRef = 930094A02AF05086000BDD47 /* WelcomeViewController.swift */; };
		930D43772AEF4D5300DC5F78 /* DetailsViewController.swift in Sources */ = {isa = PBXBuildFile; fileRef = 930D43762AEF4D5300DC5F78 /* DetailsViewController.swift */; };
		930D437A2AEF5F8400DC5F78 /* DataBase.swift in Sources */ = {isa = PBXBuildFile; fileRef = 930D43792AEF5F8400DC5F78 /* DataBase.swift */; };
		932B49382AED99FF0090C349 /* AppDelegate.swift in Sources */ = {isa = PBXBuildFile; fileRef = 932B49372AED99FF0090C349 /* AppDelegate.swift */; };
		932B493A2AED99FF0090C349 /* SceneDelegate.swift in Sources */ = {isa = PBXBuildFile; fileRef = 932B49392AED99FF0090C349 /* SceneDelegate.swift */; };
		932B493C2AED99FF0090C349 /* ViewController.swift in Sources */ = {isa = PBXBuildFile; fileRef = 932B493B2AED99FF0090C349 /* ViewController.swift */; };
		932B493F2AED99FF0090C349 /* Main.storyboard in Resources */ = {isa = PBXBuildFile; fileRef = 932B493D2AED99FF0090C349 /* Main.storyboard */; };
		932B49412AED9A020090C349 /* Assets.xcassets in Resources */ = {isa = PBXBuildFile; fileRef = 932B49402AED9A020090C349 /* Assets.xcassets */; };
		932B49442AED9A020090C349 /* LaunchScreen.storyboard in Resources */ = {isa = PBXBuildFile; fileRef = 932B49422AED9A020090C349 /* LaunchScreen.storyboard */; };
		932B494D2AED9B210090C349 /* Info.swift in Sources */ = {isa = PBXBuildFile; fileRef = 932B494C2AED9B210090C349 /* Info.swift */; };
		932B49512AEDA9E00090C349 /* CellTableViewCell.swift in Sources */ = {isa = PBXBuildFile; fileRef = 932B494F2AEDA9E00090C349 /* CellTableViewCell.swift */; };
		932B49522AEDA9E00090C349 /* CellTableViewCell.xib in Resources */ = {isa = PBXBuildFile; fileRef = 932B49502AEDA9E00090C349 /* CellTableViewCell.xib */; };
		93AA6E052AF6D0B500D1C925 /* F.swift in Sources */ = {isa = PBXBuildFile; fileRef = 93AA6E042AF6D0B500D1C925 /* F.swift */; };
/* End PBXBuildFile section */

/* Begin PBXFileReference section */
		930094A02AF05086000BDD47 /* WelcomeViewController.swift */ = {isa = PBXFileReference; lastKnownFileType = sourcecode.swift; path = WelcomeViewController.swift; sourceTree = "<group>"; };
		930D43762AEF4D5300DC5F78 /* DetailsViewController.swift */ = {isa = PBXFileReference; lastKnownFileType = sourcecode.swift; path = DetailsViewController.swift; sourceTree = "<group>"; };
		930D43792AEF5F8400DC5F78 /* DataBase.swift */ = {isa = PBXFileReference; lastKnownFileType = sourcecode.swift; path = DataBase.swift; sourceTree = "<group>"; };
		932B49342AED99FF0090C349 /* TravelApp.app */ = {isa = PBXFileReference; explicitFileType = wrapper.application; includeInIndex = 0; path = TravelApp.app; sourceTree = BUILT_PRODUCTS_DIR; };
		932B49372AED99FF0090C349 /* AppDelegate.swift */ = {isa = PBXFileReference; lastKnownFileType = sourcecode.swift; path = AppDelegate.swift; sourceTree = "<group>"; };
		932B49392AED99FF0090C349 /* SceneDelegate.swift */ = {isa = PBXFileReference; lastKnownFileType = sourcecode.swift; path = SceneDelegate.swift; sourceTree = "<group>"; };
		932B493B2AED99FF0090C349 /* ViewController.swift */ = {isa = PBXFileReference; lastKnownFileType = sourcecode.swift; path = ViewController.swift; sourceTree = "<group>"; };
		932B493E2AED99FF0090C349 /* Base */ = {isa = PBXFileReference; lastKnownFileType = file.storyboard; name = Base; path = Base.lproj/Main.storyboard; sourceTree = "<group>"; };
		932B49402AED9A020090C349 /* Assets.xcassets */ = {isa = PBXFileReference; lastKnownFileType = folder.assetcatalog; path = Assets.xcassets; sourceTree = "<group>"; };
		932B49432AED9A020090C349 /* Base */ = {isa = PBXFileReference; lastKnownFileType = file.storyboard; name = Base; path = Base.lproj/LaunchScreen.storyboard; sourceTree = "<group>"; };
		932B49452AED9A020090C349 /* Info.plist */ = {isa = PBXFileReference; lastKnownFileType = text.plist.xml; path = Info.plist; sourceTree = "<group>"; };
		932B494C2AED9B210090C349 /* Info.swift */ = {isa = PBXFileReference; lastKnownFileType = sourcecode.swift; path = Info.swift; sourceTree = "<group>"; };
		932B494F2AEDA9E00090C349 /* CellTableViewCell.swift */ = {isa = PBXFileReference; lastKnownFileType = sourcecode.swift; path = CellTableViewCell.swift; sourceTree = "<group>"; };
		932B49502AEDA9E00090C349 /* CellTableViewCell.xib */ = {isa = PBXFileReference; lastKnownFileType = file.xib; path = CellTableViewCell.xib; sourceTree = "<group>"; };
		93AA6E042AF6D0B500D1C925 /* F.swift */ = {isa = PBXFileReference; lastKnownFileType = sourcecode.swift; path = F.swift; sourceTree = "<group>"; };
/* End PBXFileReference section */

/* Begin PBXFrameworksBuildPhase section */
		932B49312AED99FF0090C349 /* Frameworks */ = {
			isa = PBXFrameworksBuildPhase;
			buildActionMask = 2147483647;
			files = (
			);
			runOnlyForDeploymentPostprocessing = 0;
		};
/* End PBXFrameworksBuildPhase section */

/* Begin PBXGroup section */
		930D43782AEF5F4F00DC5F78 /* Controller */ = {
			isa = PBXGroup;
			children = (
				932B493B2AED99FF0090C349 /* ViewController.swift */,
				930D43762AEF4D5300DC5F78 /* DetailsViewController.swift */,
				930094A02AF05086000BDD47 /* WelcomeViewController.swift */,
			);
			path = Controller;
			sourceTree = "<group>";
		};
		932B492B2AED99FF0090C349 = {
			isa = PBXGroup;
			children = (
				932B49362AED99FF0090C349 /* TravelApp */,
				932B49352AED99FF0090C349 /* Products */,
			);
			sourceTree = "<group>";
		};
		932B49352AED99FF0090C349 /* Products */ = {
			isa = PBXGroup;
			children = (
				932B49342AED99FF0090C349 /* TravelApp.app */,
			);
			name = Products;
			sourceTree = "<group>";
		};
		932B49362AED99FF0090C349 /* TravelApp */ = {
			isa = PBXGroup;
			children = (
				932B49372AED99FF0090C349 /* AppDelegate.swift */,
				932B49392AED99FF0090C349 /* SceneDelegate.swift */,
				930D43782AEF5F4F00DC5F78 /* Controller */,
				932B494B2AED9B090090C349 /* Model */,
				932B49402AED9A020090C349 /* Assets.xcassets */,
				932B49422AED9A020090C349 /* LaunchScreen.storyboard */,
				932B49452AED9A020090C349 /* Info.plist */,
				932B494E2AEDA9C70090C349 /* View */,
			);
			path = TravelApp;
			sourceTree = "<group>";
		};
		932B494B2AED9B090090C349 /* Model */ = {
			isa = PBXGroup;
			children = (
				930D43792AEF5F8400DC5F78 /* DataBase.swift */,
				932B494C2AED9B210090C349 /* Info.swift */,
				93AA6E042AF6D0B500D1C925 /* F.swift */,
			);
			path = Model;
			sourceTree = "<group>";
		};
		932B494E2AEDA9C70090C349 /* View */ = {
			isa = PBXGroup;
			children = (
				932B493D2AED99FF0090C349 /* Main.storyboard */,
				932B494F2AEDA9E00090C349 /* CellTableViewCell.swift */,
				932B49502AEDA9E00090C349 /* CellTableViewCell.xib */,
			);
			path = View;
			sourceTree = "<group>";
		};
/* End PBXGroup section */

/* Begin PBXNativeTarget section */
		932B49332AED99FF0090C349 /* TravelApp */ = {
			isa = PBXNativeTarget;
			buildConfigurationList = 932B49482AED9A020090C349 /* Build configuration list for PBXNativeTarget "TravelApp" */;
			buildPhases = (
				932B49302AED99FF0090C349 /* Sources */,
				932B49312AED99FF0090C349 /* Frameworks */,
				932B49322AED99FF0090C349 /* Resources */,
			);
			buildRules = (
			);
			dependencies = (
			);
			name = TravelApp;
			productName = TravelApp;
			productReference = 932B49342AED99FF0090C349 /* TravelApp.app */;
			productType = "com.apple.product-type.application";
		};
/* End PBXNativeTarget section */

/* Begin PBXProject section */
		932B492C2AED99FF0090C349 /* Project object */ = {
			isa = PBXProject;
			attributes = {
				BuildIndependentTargetsInParallel = 1;
				LastSwiftUpdateCheck = 1430;
				LastUpgradeCheck = 1430;
				TargetAttributes = {
					932B49332AED99FF0090C349 = {
						CreatedOnToolsVersion = 14.3.1;
					};
				};
			};
			buildConfigurationList = 932B492F2AED99FF0090C349 /* Build configuration list for PBXProject "TravelApp" */;
			compatibilityVersion = "Xcode 14.0";
			developmentRegion = en;
			hasScannedForEncodings = 0;
			knownRegions = (
				en,
				Base,
			);
			mainGroup = 932B492B2AED99FF0090C349;
			productRefGroup = 932B49352AED99FF0090C349 /* Products */;
			projectDirPath = "";
			projectRoot = "";
			targets = (
				932B49332AED99FF0090C349 /* TravelApp */,
			);
		};
/* End PBXProject section */

/* Begin PBXResourcesBuildPhase section */
		932B49322AED99FF0090C349 /* Resources */ = {
			isa = PBXResourcesBuildPhase;
			buildActionMask = 2147483647;
			files = (
				932B49442AED9A020090C349 /* LaunchScreen.storyboard in Resources */,
				932B49522AEDA9E00090C349 /* CellTableViewCell.xib in Resources */,
				932B49412AED9A020090C349 /* Assets.xcassets in Resources */,
				932B493F2AED99FF0090C349 /* Main.storyboard in Resources */,
			);
			runOnlyForDeploymentPostprocessing = 0;
		};
/* End PBXResourcesBuildPhase section */

/* Begin PBXSourcesBuildPhase section */
		932B49302AED99FF0090C349 /* Sources */ = {
			isa = PBXSourcesBuildPhase;
			buildActionMask = 2147483647;
			files = (
				932B49512AEDA9E00090C349 /* CellTableViewCell.swift in Sources */,
				932B493C2AED99FF0090C349 /* ViewController.swift in Sources */,
				932B494D2AED9B210090C349 /* Info.swift in Sources */,
				93AA6E052AF6D0B500D1C925 /* F.swift in Sources */,
				932B49382AED99FF0090C349 /* AppDelegate.swift in Sources */,
				930094A12AF05086000BDD47 /* WelcomeViewController.swift in Sources */,
				930D437A2AEF5F8400DC5F78 /* DataBase.swift in Sources */,
				932B493A2AED99FF0090C349 /* SceneDelegate.swift in Sources */,
				930D43772AEF4D5300DC5F78 /* DetailsViewController.swift in Sources */,
			);
			runOnlyForDeploymentPostprocessing = 0;
		};
/* End PBXSourcesBuildPhase section */

/* Begin PBXVariantGroup section */
		932B493D2AED99FF0090C349 /* Main.storyboard */ = {
			isa = PBXVariantGroup;
			children = (
				932B493E2AED99FF0090C349 /* Base */,
			);
			name = Main.storyboard;
			sourceTree = "<group>";
		};
		932B49422AED9A020090C349 /* LaunchScreen.storyboard */ = {
			isa = PBXVariantGroup;
			children = (
				932B49432AED9A020090C349 /* Base */,
			);
			name = LaunchScreen.storyboard;
			sourceTree = "<group>";
		};
/* End PBXVariantGroup section */

/* Begin XCBuildConfiguration section */
		932B49462AED9A020090C349 /* Debug */ = {
			isa = XCBuildConfiguration;
			buildSettings = {
				ALWAYS_SEARCH_USER_PATHS = NO;
				CLANG_ANALYZER_NONNULL = YES;
				CLANG_ANALYZER_NUMBER_OBJECT_CONVERSION = YES_AGGRESSIVE;
				CLANG_CXX_LANGUAGE_STANDARD = "gnu++20";
				CLANG_ENABLE_MODULES = YES;
				CLANG_ENABLE_OBJC_ARC = YES;
				CLANG_ENABLE_OBJC_WEAK = YES;
				CLANG_WARN_BLOCK_CAPTURE_AUTORELEASING = YES;
				CLANG_WARN_BOOL_CONVERSION = YES;
				CLANG_WARN_COMMA = YES;
				CLANG_WARN_CONSTANT_CONVERSION = YES;
				CLANG_WARN_DEPRECATED_OBJC_IMPLEMENTATIONS = YES;
				CLANG_WARN_DIRECT_OBJC_ISA_USAGE = YES_ERROR;
				CLANG_WARN_DOCUMENTATION_COMMENTS = YES;
				CLANG_WARN_EMPTY_BODY = YES;
				CLANG_WARN_ENUM_CONVERSION = YES;
				CLANG_WARN_INFINITE_RECURSION = YES;
				CLANG_WARN_INT_CONVERSION = YES;
				CLANG_WARN_NON_LITERAL_NULL_CONVERSION = YES;
				CLANG_WARN_OBJC_IMPLICIT_RETAIN_SELF = YES;
				CLANG_WARN_OBJC_LITERAL_CONVERSION = YES;
				CLANG_WARN_OBJC_ROOT_CLASS = YES_ERROR;
				CLANG_WARN_QUOTED_INCLUDE_IN_FRAMEWORK_HEADER = YES;
				CLANG_WARN_RANGE_LOOP_ANALYSIS = YES;
				CLANG_WARN_STRICT_PROTOTYPES = YES;
				CLANG_WARN_SUSPICIOUS_MOVE = YES;
				CLANG_WARN_UNGUARDED_AVAILABILITY = YES_AGGRESSIVE;
				CLANG_WARN_UNREACHABLE_CODE = YES;
				CLANG_WARN__DUPLICATE_METHOD_MATCH = YES;
				COPY_PHASE_STRIP = NO;
				DEBUG_INFORMATION_FORMAT = dwarf;
				ENABLE_STRICT_OBJC_MSGSEND = YES;
				ENABLE_TESTABILITY = YES;
				GCC_C_LANGUAGE_STANDARD = gnu11;
				GCC_DYNAMIC_NO_PIC = NO;
				GCC_NO_COMMON_BLOCKS = YES;
				GCC_OPTIMIZATION_LEVEL = 0;
				GCC_PREPROCESSOR_DEFINITIONS = (
					"DEBUG=1",
					"$(inherited)",
				);
				GCC_WARN_64_TO_32_BIT_CONVERSION = YES;
				GCC_WARN_ABOUT_RETURN_TYPE = YES_ERROR;
				GCC_WARN_UNDECLARED_SELECTOR = YES;
				GCC_WARN_UNINITIALIZED_AUTOS = YES_AGGRESSIVE;
				GCC_WARN_UNUSED_FUNCTION = YES;
				GCC_WARN_UNUSED_VARIABLE = YES;
				IPHONEOS_DEPLOYMENT_TARGET = 16.4;
				MTL_ENABLE_DEBUG_INFO = INCLUDE_SOURCE;
				MTL_FAST_MATH = YES;
				ONLY_ACTIVE_ARCH = YES;
				SDKROOT = iphoneos;
				SWIFT_ACTIVE_COMPILATION_CONDITIONS = DEBUG;
				SWIFT_OPTIMIZATION_LEVEL = "-Onone";
			};
			name = Debug;
		};
		932B49472AED9A020090C349 /* Release */ = {
			isa = XCBuildConfiguration;
			buildSettings = {
				ALWAYS_SEARCH_USER_PATHS = NO;
				CLANG_ANALYZER_NONNULL = YES;
				CLANG_ANALYZER_NUMBER_OBJECT_CONVERSION = YES_AGGRESSIVE;
				CLANG_CXX_LANGUAGE_STANDARD = "gnu++20";
				CLANG_ENABLE_MODULES = YES;
				CLANG_ENABLE_OBJC_ARC = YES;
				CLANG_ENABLE_OBJC_WEAK = YES;
				CLANG_WARN_BLOCK_CAPTURE_AUTORELEASING = YES;
				CLANG_WARN_BOOL_CONVERSION = YES;
				CLANG_WARN_COMMA = YES;
				CLANG_WARN_CONSTANT_CONVERSION = YES;
				CLANG_WARN_DEPRECATED_OBJC_IMPLEMENTATIONS = YES;
				CLANG_WARN_DIRECT_OBJC_ISA_USAGE = YES_ERROR;
				CLANG_WARN_DOCUMENTATION_COMMENTS = YES;
				CLANG_WARN_EMPTY_BODY = YES;
				CLANG_WARN_ENUM_CONVERSION = YES;
				CLANG_WARN_INFINITE_RECURSION = YES;
				CLANG_WARN_INT_CONVERSION = YES;
				CLANG_WARN_NON_LITERAL_NULL_CONVERSION = YES;
				CLANG_WARN_OBJC_IMPLICIT_RETAIN_SELF = YES;
				CLANG_WARN_OBJC_LITERAL_CONVERSION = YES;
				CLANG_WARN_OBJC_ROOT_CLASS = YES_ERROR;
				CLANG_WARN_QUOTED_INCLUDE_IN_FRAMEWORK_HEADER = YES;
				CLANG_WARN_RANGE_LOOP_ANALYSIS = YES;
				CLANG_WARN_STRICT_PROTOTYPES = YES;
				CLANG_WARN_SUSPICIOUS_MOVE = YES;
				CLANG_WARN_UNGUARDED_AVAILABILITY = YES_AGGRESSIVE;
				CLANG_WARN_UNREACHABLE_CODE = YES;
				CLANG_WARN__DUPLICATE_METHOD_MATCH = YES;
				COPY_PHASE_STRIP = NO;
				DEBUG_INFORMATION_FORMAT = "dwarf-with-dsym";
				ENABLE_NS_ASSERTIONS = NO;
				ENABLE_STRICT_OBJC_MSGSEND = YES;
				GCC_C_LANGUAGE_STANDARD = gnu11;
				GCC_NO_COMMON_BLOCKS = YES;
				GCC_WARN_64_TO_32_BIT_CONVERSION = YES;
				GCC_WARN_ABOUT_RETURN_TYPE = YES_ERROR;
				GCC_WARN_UNDECLARED_SELECTOR = YES;
				GCC_WARN_UNINITIALIZED_AUTOS = YES_AGGRESSIVE;
				GCC_WARN_UNUSED_FUNCTION = YES;
				GCC_WARN_UNUSED_VARIABLE = YES;
				IPHONEOS_DEPLOYMENT_TARGET = 16.4;
				MTL_ENABLE_DEBUG_INFO = NO;
				MTL_FAST_MATH = YES;
				SDKROOT = iphoneos;
				SWIFT_COMPILATION_MODE = wholemodule;
				SWIFT_OPTIMIZATION_LEVEL = "-O";
				VALIDATE_PRODUCT = YES;
			};
			name = Release;
		};
		932B49492AED9A020090C349 /* Debug */ = {
			isa = XCBuildConfiguration;
			buildSettings = {
				ASSETCATALOG_COMPILER_APPICON_NAME = AppIcon;
				ASSETCATALOG_COMPILER_GLOBAL_ACCENT_COLOR_NAME = AccentColor;
				CODE_SIGN_STYLE = Automatic;
				CURRENT_PROJECT_VERSION = 1;
				GENERATE_INFOPLIST_FILE = YES;
				INFOPLIST_FILE = TravelApp/Info.plist;
				INFOPLIST_KEY_UIApplicationSupportsIndirectInputEvents = YES;
				INFOPLIST_KEY_UILaunchStoryboardName = LaunchScreen;
				INFOPLIST_KEY_UIMainStoryboardFile = Main;
				INFOPLIST_KEY_UISupportedInterfaceOrientations_iPad = "UIInterfaceOrientationPortrait UIInterfaceOrientationPortraitUpsideDown UIInterfaceOrientationLandscapeLeft UIInterfaceOrientationLandscapeRight";
				INFOPLIST_KEY_UISupportedInterfaceOrientations_iPhone = "UIInterfaceOrientationPortrait UIInterfaceOrientationLandscapeLeft UIInterfaceOrientationLandscapeRight";
				LD_RUNPATH_SEARCH_PATHS = (
					"$(inherited)",
					"@executable_path/Frameworks",
				);
				MARKETING_VERSION = 1.0;
				PRODUCT_BUNDLE_IDENTIFIER = jadghoson.TravelApp;
				PRODUCT_NAME = "$(TARGET_NAME)";
				SWIFT_EMIT_LOC_STRINGS = YES;
				SWIFT_VERSION = 5.0;
				TARGETED_DEVICE_FAMILY = "1,2";
			};
			name = Debug;
		};
		932B494A2AED9A020090C349 /* Release */ = {
			isa = XCBuildConfiguration;
			buildSettings = {
				ASSETCATALOG_COMPILER_APPICON_NAME = AppIcon;
				ASSETCATALOG_COMPILER_GLOBAL_ACCENT_COLOR_NAME = AccentColor;
				CODE_SIGN_STYLE = Automatic;
				CURRENT_PROJECT_VERSION = 1;
				GENERATE_INFOPLIST_FILE = YES;
				INFOPLIST_FILE = TravelApp/Info.plist;
				INFOPLIST_KEY_UIApplicationSupportsIndirectInputEvents = YES;
				INFOPLIST_KEY_UILaunchStoryboardName = LaunchScreen;
				INFOPLIST_KEY_UIMainStoryboardFile = Main;
				INFOPLIST_KEY_UISupportedInterfaceOrientations_iPad = "UIInterfaceOrientationPortrait UIInterfaceOrientationPortraitUpsideDown UIInterfaceOrientationLandscapeLeft UIInterfaceOrientationLandscapeRight";
				INFOPLIST_KEY_UISupportedInterfaceOrientations_iPhone = "UIInterfaceOrientationPortrait UIInterfaceOrientationLandscapeLeft UIInterfaceOrientationLandscapeRight";
				LD_RUNPATH_SEARCH_PATHS = (
					"$(inherited)",
					"@executable_path/Frameworks",
				);
				MARKETING_VERSION = 1.0;
				PRODUCT_BUNDLE_IDENTIFIER = jadghoson.TravelApp;
				PRODUCT_NAME = "$(TARGET_NAME)";
				SWIFT_EMIT_LOC_STRINGS = YES;
				SWIFT_VERSION = 5.0;
				TARGETED_DEVICE_FAMILY = "1,2";
			};
			name = Release;
		};
/* End XCBuildConfiguration section */

/* Begin XCConfigurationList section */
		932B492F2AED99FF0090C349 /* Build configuration list for PBXProject "TravelApp" */ = {
			isa = XCConfigurationList;
			buildConfigurations = (
				932B49462AED9A020090C349 /* Debug */,
				932B49472AED9A020090C349 /* Release */,
			);
			defaultConfigurationIsVisible = 0;
			defaultConfigurationName = Release;
		};
		932B49482AED9A020090C349 /* Build configuration list for PBXNativeTarget "TravelApp" */ = {
			isa = XCConfigurationList;
			buildConfigurations = (
				932B49492AED9A020090C349 /* Debug */,
				932B494A2AED9A020090C349 /* Release */,
			);
			defaultConfigurationIsVisible = 0;
			defaultConfigurationName = Release;
		};
/* End XCConfigurationList section */
	};
	rootObject = 932B492C2AED99FF0090C349 /* Project object */;
}
